// !$*UTF8*$!
{
	archiveVersion = 1;
	classes = {
	};
	objectVersion = 50;
	objects = {

/* Begin PBXBuildFile section */
		2B37FE0825DADE3A00608A83 /* AppDelegate.m in Sources */ = {isa = PBXBuildFile; fileRef = 2B37FE0725DADE3A00608A83 /* AppDelegate.m */; };
		2B37FE0B25DADE3A00608A83 /* ViewController.m in Sources */ = {isa = PBXBuildFile; fileRef = 2B37FE0A25DADE3A00608A83 /* ViewController.m */; };
		2B37FE0D25DADE3B00608A83 /* Assets.xcassets in Resources */ = {isa = PBXBuildFile; fileRef = 2B37FE0C25DADE3B00608A83 /* Assets.xcassets */; };
		2B37FE1025DADE3B00608A83 /* Main.storyboard in Resources */ = {isa = PBXBuildFile; fileRef = 2B37FE0E25DADE3B00608A83 /* Main.storyboard */; };
		2B37FE1325DADE3B00608A83 /* main.m in Sources */ = {isa = PBXBuildFile; fileRef = 2B37FE1225DADE3B00608A83 /* main.m */; };
		2B37FE1D25DADEA600608A83 /* Friend.m in Sources */ = {isa = PBXBuildFile; fileRef = 2B37FE1C25DADEA600608A83 /* Friend.m */; };
		2B37FE2225DB114800608A83 /* FriendManager.m in Sources */ = {isa = PBXBuildFile; fileRef = 2B37FE2125DB114800608A83 /* FriendManager.m */; };
/* End PBXBuildFile section */

/* Begin PBXFileReference section */
		2B37FE0325DADE3A00608A83 /* Friends Application.app */ = {isa = PBXFileReference; explicitFileType = wrapper.application; includeInIndex = 0; path = "Friends Application.app"; sourceTree = BUILT_PRODUCTS_DIR; };
		2B37FE0625DADE3A00608A83 /* AppDelegate.h */ = {isa = PBXFileReference; lastKnownFileType = sourcecode.c.h; path = AppDelegate.h; sourceTree = "<group>"; };
		2B37FE0725DADE3A00608A83 /* AppDelegate.m */ = {isa = PBXFileReference; lastKnownFileType = sourcecode.c.objc; path = AppDelegate.m; sourceTree = "<group>"; };
		2B37FE0925DADE3A00608A83 /* ViewController.h */ = {isa = PBXFileReference; lastKnownFileType = sourcecode.c.h; path = ViewController.h; sourceTree = "<group>"; };
		2B37FE0A25DADE3A00608A83 /* ViewController.m */ = {isa = PBXFileReference; lastKnownFileType = sourcecode.c.objc; path = ViewController.m; sourceTree = "<group>"; };
		2B37FE0C25DADE3B00608A83 /* Assets.xcassets */ = {isa = PBXFileReference; lastKnownFileType = folder.assetcatalog; path = Assets.xcassets; sourceTree = "<group>"; };
		2B37FE0F25DADE3B00608A83 /* Base */ = {isa = PBXFileReference; lastKnownFileType = file.storyboard; name = Base; path = Base.lproj/Main.storyboard; sourceTree = "<group>"; };
		2B37FE1125DADE3B00608A83 /* Info.plist */ = {isa = PBXFileReference; lastKnownFileType = text.plist.xml; path = Info.plist; sourceTree = "<group>"; };
		2B37FE1225DADE3B00608A83 /* main.m */ = {isa = PBXFileReference; lastKnownFileType = sourcecode.c.objc; path = main.m; sourceTree = "<group>"; };
		2B37FE1425DADE3B00608A83 /* Friends_Application.entitlements */ = {isa = PBXFileReference; lastKnownFileType = text.plist.entitlements; path = Friends_Application.entitlements; sourceTree = "<group>"; };
		2B37FE1B25DADEA600608A83 /* Friend.h */ = {isa = PBXFileReference; lastKnownFileType = sourcecode.c.h; path = Friend.h; sourceTree = "<group>"; };
		2B37FE1C25DADEA600608A83 /* Friend.m */ = {isa = PBXFileReference; lastKnownFileType = sourcecode.c.objc; path = Friend.m; sourceTree = "<group>"; };
		2B37FE2025DB114800608A83 /* FriendManager.h */ = {isa = PBXFileReference; lastKnownFileType = sourcecode.c.h; path = FriendManager.h; sourceTree = "<group>"; };
		2B37FE2125DB114800608A83 /* FriendManager.m */ = {isa = PBXFileReference; lastKnownFileType = sourcecode.c.objc; path = FriendManager.m; sourceTree = "<group>"; };
/* End PBXFileReference section */

/* Begin PBXFrameworksBuildPhase section */
		2B37FE0025DADE3A00608A83 /* Frameworks */ = {
			isa = PBXFrameworksBuildPhase;
			buildActionMask = 2147483647;
			files = (
			);
			runOnlyForDeploymentPostprocessing = 0;
		};
/* End PBXFrameworksBuildPhase section */

/* Begin PBXGroup section */
		2B37FDFA25DADE3A00608A83 = {
			isa = PBXGroup;
			children = (
				2B37FE0525DADE3A00608A83 /* Friends Application */,
				2B37FE0425DADE3A00608A83 /* Products */,
			);
			sourceTree = "<group>";
		};
		2B37FE0425DADE3A00608A83 /* Products */ = {
			isa = PBXGroup;
			children = (
				2B37FE0325DADE3A00608A83 /* Friends Application.app */,
			);
			name = Products;
			sourceTree = "<group>";
		};
		2B37FE0525DADE3A00608A83 /* Friends Application */ = {
			isa = PBXGroup;
			children = (
				2B37FE0625DADE3A00608A83 /* AppDelegate.h */,
				2B37FE0725DADE3A00608A83 /* AppDelegate.m */,
				2B37FE0925DADE3A00608A83 /* ViewController.h */,
				2B37FE0A25DADE3A00608A83 /* ViewController.m */,
				2B37FE0C25DADE3B00608A83 /* Assets.xcassets */,
				2B37FE0E25DADE3B00608A83 /* Main.storyboard */,
				2B37FE1125DADE3B00608A83 /* Info.plist */,
				2B37FE1225DADE3B00608A83 /* main.m */,
				2B37FE1425DADE3B00608A83 /* Friends_Application.entitlements */,
				2B37FE1B25DADEA600608A83 /* Friend.h */,
				2B37FE1C25DADEA600608A83 /* Friend.m */,
				2B37FE2025DB114800608A83 /* FriendManager.h */,
				2B37FE2125DB114800608A83 /* FriendManager.m */,
			);
			path = "Friends Application";
			sourceTree = "<group>";
		};
/* End PBXGroup section */

/* Begin PBXNativeTarget section */
		2B37FE0225DADE3A00608A83 /* Friends Application */ = {
			isa = PBXNativeTarget;
			buildConfigurationList = 2B37FE1725DADE3B00608A83 /* Build configuration list for PBXNativeTarget "Friends Application" */;
			buildPhases = (
				2B37FDFF25DADE3A00608A83 /* Sources */,
				2B37FE0025DADE3A00608A83 /* Frameworks */,
				2B37FE0125DADE3A00608A83 /* Resources */,
			);
			buildRules = (
			);
			dependencies = (
			);
			name = "Friends Application";
			productName = "Friends Application";
			productReference = 2B37FE0325DADE3A00608A83 /* Friends Application.app */;
			productType = "com.apple.product-type.application";
		};
/* End PBXNativeTarget section */

/* Begin PBXProject section */
		2B37FDFB25DADE3A00608A83 /* Project object */ = {
			isa = PBXProject;
			attributes = {
				LastUpgradeCheck = 1230;
				TargetAttributes = {
					2B37FE0225DADE3A00608A83 = {
						CreatedOnToolsVersion = 12.3;
					};
				};
			};
			buildConfigurationList = 2B37FDFE25DADE3A00608A83 /* Build configuration list for PBXProject "Friends Application" */;
			compatibilityVersion = "Xcode 9.3";
			developmentRegion = en;
			hasScannedForEncodings = 0;
			knownRegions = (
				en,
				Base,
			);
			mainGroup = 2B37FDFA25DADE3A00608A83;
			productRefGroup = 2B37FE0425DADE3A00608A83 /* Products */;
			projectDirPath = "";
			projectRoot = "";
			targets = (
				2B37FE0225DADE3A00608A83 /* Friends Application */,
			);
		};
/* End PBXProject section */

/* Begin PBXResourcesBuildPhase section */
		2B37FE0125DADE3A00608A83 /* Resources */ = {
			isa = PBXResourcesBuildPhase;
			buildActionMask = 2147483647;
			files = (
				2B37FE0D25DADE3B00608A83 /* Assets.xcassets in Resources */,
				2B37FE1025DADE3B00608A83 /* Main.storyboard in Resources */,
			);
			runOnlyForDeploymentPostprocessing = 0;
		};
/* End PBXResourcesBuildPhase section */

/* Begin PBXSourcesBuildPhase section */
		2B37FDFF25DADE3A00608A83 /* Sources */ = {
			isa = PBXSourcesBuildPhase;
			buildActionMask = 2147483647;
			files = (
				2B37FE0B25DADE3A00608A83 /* ViewController.m in Sources */,
				2B37FE1325DADE3B00608A83 /* main.m in Sources */,
				2B37FE0825DADE3A00608A83 /* AppDelegate.m in Sources */,
				2B37FE2225DB114800608A83 /* FriendManager.m in Sources */,
				2B37FE1D25DADEA600608A83 /* Friend.m in Sources */,
			);
			runOnlyForDeploymentPostprocessing = 0;
		};
/* End PBXSourcesBuildPhase section */

/* Begin PBXVariantGroup section */
		2B37FE0E25DADE3B00608A83 /* Main.storyboard */ = {
			isa = PBXVariantGroup;
			children = (
				2B37FE0F25DADE3B00608A83 /* Base */,
			);
			name = Main.storyboard;
			sourceTree = "<group>";
		};
/* End PBXVariantGroup section */

/* Begin XCBuildConfiguration section */
		2B37FE1525DADE3B00608A83 /* Debug */ = {
			isa = XCBuildConfiguration;
			buildSettings = {
				ALWAYS_SEARCH_USER_PATHS = NO;
				CLANG_ANALYZER_NONNULL = YES;
				CLANG_ANALYZER_NUMBER_OBJECT_CONVERSION = YES_AGGRESSIVE;
				CLANG_CXX_LANGUAGE_STANDARD = "gnu++14";
				CLANG_CXX_LIBRARY = "libc++";
				CLANG_ENABLE_MODULES = YES;
				CLANG_ENABLE_OBJC_ARC = YES;
				CLANG_ENABLE_OBJC_WEAK = YES;
				CLANG_WARN_BLOCK_CAPTURE_AUTORELEASING = YES;
				CLANG_WARN_BOOL_CONVERSION = YES;
				CLANG_WARN_COMMA = YES;
				CLANG_WARN_CONSTANT_CONVERSION = YES;
				CLANG_WARN_DEPRECATED_OBJC_IMPLEMENTATIONS = YES;
				CLANG_WARN_DIRECT_OBJC_ISA_USAGE = YES_ERROR;
				CLANG_WARN_DOCUMENTATION_COMMENTS = YES;
				CLANG_WARN_EMPTY_BODY = YES;
				CLANG_WARN_ENUM_CONVERSION = YES;
				CLANG_WARN_INFINITE_RECURSION = YES;
				CLANG_WARN_INT_CONVERSION = YES;
				CLANG_WARN_NON_LITERAL_NULL_CONVERSION = YES;
				CLANG_WARN_OBJC_IMPLICIT_RETAIN_SELF = YES;
				CLANG_WARN_OBJC_LITERAL_CONVERSION = YES;
				CLANG_WARN_OBJC_ROOT_CLASS = YES_ERROR;
				CLANG_WARN_QUOTED_INCLUDE_IN_FRAMEWORK_HEADER = YES;
				CLANG_WARN_RANGE_LOOP_ANALYSIS = YES;
				CLANG_WARN_STRICT_PROTOTYPES = YES;
				CLANG_WARN_SUSPICIOUS_MOVE = YES;
				CLANG_WARN_UNGUARDED_AVAILABILITY = YES_AGGRESSIVE;
				CLANG_WARN_UNREACHABLE_CODE = YES;
				CLANG_WARN__DUPLICATE_METHOD_MATCH = YES;
				COPY_PHASE_STRIP = NO;
				DEBUG_INFORMATION_FORMAT = dwarf;
				ENABLE_STRICT_OBJC_MSGSEND = YES;
				ENABLE_TESTABILITY = YES;
				GCC_C_LANGUAGE_STANDARD = gnu11;
				GCC_DYNAMIC_NO_PIC = NO;
				GCC_NO_COMMON_BLOCKS = YES;
				GCC_OPTIMIZATION_LEVEL = 0;
				GCC_PREPROCESSOR_DEFINITIONS = (
					"DEBUG=1",
					"$(inherited)",
				);
				GCC_WARN_64_TO_32_BIT_CONVERSION = YES;
				GCC_WARN_ABOUT_RETURN_TYPE = YES_ERROR;
				GCC_WARN_UNDECLARED_SELECTOR = YES;
				GCC_WARN_UNINITIALIZED_AUTOS = YES_AGGRESSIVE;
				GCC_WARN_UNUSED_FUNCTION = YES;
				GCC_WARN_UNUSED_VARIABLE = YES;
				MACOSX_DEPLOYMENT_TARGET = 11.0;
				MTL_ENABLE_DEBUG_INFO = INCLUDE_SOURCE;
				MTL_FAST_MATH = YES;
				ONLY_ACTIVE_ARCH = YES;
				SDKROOT = macosx;
			};
			name = Debug;
		};
		2B37FE1625DADE3B00608A83 /* Release */ = {
			isa = XCBuildConfiguration;
			buildSettings = {
				ALWAYS_SEARCH_USER_PATHS = NO;
				CLANG_ANALYZER_NONNULL = YES;
				CLANG_ANALYZER_NUMBER_OBJECT_CONVERSION = YES_AGGRESSIVE;
				CLANG_CXX_LANGUAGE_STANDARD = "gnu++14";
				CLANG_CXX_LIBRARY = "libc++";
				CLANG_ENABLE_MODULES = YES;
				CLANG_ENABLE_OBJC_ARC = YES;
				CLANG_ENABLE_OBJC_WEAK = YES;
				CLANG_WARN_BLOCK_CAPTURE_AUTORELEASING = YES;
				CLANG_WARN_BOOL_CONVERSION = YES;
				CLANG_WARN_COMMA = YES;
				CLANG_WARN_CONSTANT_CONVERSION = YES;
				CLANG_WARN_DEPRECATED_OBJC_IMPLEMENTATIONS = YES;
				CLANG_WARN_DIRECT_OBJC_ISA_USAGE = YES_ERROR;
				CLANG_WARN_DOCUMENTATION_COMMENTS = YES;
				CLANG_WARN_EMPTY_BODY = YES;
				CLANG_WARN_ENUM_CONVERSION = YES;
				CLANG_WARN_INFINITE_RECURSION = YES;
				CLANG_WARN_INT_CONVERSION = YES;
				CLANG_WARN_NON_LITERAL_NULL_CONVERSION = YES;
				CLANG_WARN_OBJC_IMPLICIT_RETAIN_SELF = YES;
				CLANG_WARN_OBJC_LITERAL_CONVERSION = YES;
				CLANG_WARN_OBJC_ROOT_CLASS = YES_ERROR;
				CLANG_WARN_QUOTED_INCLUDE_IN_FRAMEWORK_HEADER = YES;
				CLANG_WARN_RANGE_LOOP_ANALYSIS = YES;
				CLANG_WARN_STRICT_PROTOTYPES = YES;
				CLANG_WARN_SUSPICIOUS_MOVE = YES;
				CLANG_WARN_UNGUARDED_AVAILABILITY = YES_AGGRESSIVE;
				CLANG_WARN_UNREACHABLE_CODE = YES;
				CLANG_WARN__DUPLICATE_METHOD_MATCH = YES;
				COPY_PHASE_STRIP = NO;
				DEBUG_INFORMATION_FORMAT = "dwarf-with-dsym";
				ENABLE_NS_ASSERTIONS = NO;
				ENABLE_STRICT_OBJC_MSGSEND = YES;
				GCC_C_LANGUAGE_STANDARD = gnu11;
				GCC_NO_COMMON_BLOCKS = YES;
				GCC_WARN_64_TO_32_BIT_CONVERSION = YES;
				GCC_WARN_ABOUT_RETURN_TYPE = YES_ERROR;
				GCC_WARN_UNDECLARED_SELECTOR = YES;
				GCC_WARN_UNINITIALIZED_AUTOS = YES_AGGRESSIVE;
				GCC_WARN_UNUSED_FUNCTION = YES;
				GCC_WARN_UNUSED_VARIABLE = YES;
				MACOSX_DEPLOYMENT_TARGET = 11.0;
				MTL_ENABLE_DEBUG_INFO = NO;
				MTL_FAST_MATH = YES;
				SDKROOT = macosx;
			};
			name = Release;
		};
		2B37FE1825DADE3B00608A83 /* Debug */ = {
			isa = XCBuildConfiguration;
			buildSettings = {
				ASSETCATALOG_COMPILER_APPICON_NAME = AppIcon;
				ASSETCATALOG_COMPILER_GLOBAL_ACCENT_COLOR_NAME = AccentColor;
				CODE_SIGN_ENTITLEMENTS = "Friends Application/Friends_Application.entitlements";
				CODE_SIGN_STYLE = Automatic;
				COMBINE_HIDPI_IMAGES = YES;
				INFOPLIST_FILE = "Friends Application/Info.plist";
				LD_RUNPATH_SEARCH_PATHS = (
					"$(inherited)",
					"@executable_path/../Frameworks",
				);
				PRODUCT_BUNDLE_IDENTIFIER = "com.hala.Friends-Application";
				PRODUCT_NAME = "$(TARGET_NAME)";
			};
			name = Debug;
		};
		2B37FE1925DADE3B00608A83 /* Release */ = {
			isa = XCBuildConfiguration;
			buildSettings = {
				ASSETCATALOG_COMPILER_APPICON_NAME = AppIcon;
				ASSETCATALOG_COMPILER_GLOBAL_ACCENT_COLOR_NAME = AccentColor;
				CODE_SIGN_ENTITLEMENTS = "Friends Application/Friends_Application.entitlements";
				CODE_SIGN_STYLE = Automatic;
				COMBINE_HIDPI_IMAGES = YES;
				INFOPLIST_FILE = "Friends Application/Info.plist";
				LD_RUNPATH_SEARCH_PATHS = (
					"$(inherited)",
					"@executable_path/../Frameworks",
				);
				PRODUCT_BUNDLE_IDENTIFIER = "com.hala.Friends-Application";
				PRODUCT_NAME = "$(TARGET_NAME)";
			};
			name = Release;
		};
/* End XCBuildConfiguration section */

/* Begin XCConfigurationList section */
		2B37FDFE25DADE3A00608A83 /* Build configuration list for PBXProject "Friends Application" */ = {
			isa = XCConfigurationList;
			buildConfigurations = (
				2B37FE1525DADE3B00608A83 /* Debug */,
				2B37FE1625DADE3B00608A83 /* Release */,
			);
			defaultConfigurationIsVisible = 0;
			defaultConfigurationName = Release;
		};
		2B37FE1725DADE3B00608A83 /* Build configuration list for PBXNativeTarget "Friends Application" */ = {
			isa = XCConfigurationList;
			buildConfigurations = (
				2B37FE1825DADE3B00608A83 /* Debug */,
				2B37FE1925DADE3B00608A83 /* Release */,
			);
			defaultConfigurationIsVisible = 0;
			defaultConfigurationName = Release;
		};
/* End XCConfigurationList section */
	};
	rootObject = 2B37FDFB25DADE3A00608A83 /* Project object */;
}
